
Microsoft Visual Studio Solution File, Format Version 12.00
# Visual Studio Version 16
VisualStudioVersion = 16.0.31729.503
MinimumVisualStudioVersion = 10.0.40219.1
Project("{9A19103F-16F7-4668-BE54-9A1E7A4F7556}") = "01.ReportResult", "Algorithm\01.ReportResult.csproj", "{6109C15B-95C2-4CEE-B2CD-2EF4EC487666}"
EndProject
Project("{9A19103F-16F7-4668-BE54-9A1E7A4F7556}") = "02.Lotto", "02.Lotto\02.Lotto.csproj", "{AE4D7FAD-7F6A-4A5D-B5E7-F491D4D439C0}"
EndProject
Project("{9A19103F-16F7-4668-BE54-9A1E7A4F7556}") = "03.NumbersAndEnglish", "03.NumbersAndEnglish\03.NumbersAndEnglish.csproj", "{1E0E0AA9-C0D3-4338-BC96-A8D308A8B0BE}"
EndProject
Project("{9A19103F-16F7-4668-BE54-9A1E7A4F7556}") = "04.PlusMinus", "04.PlusMinus\04.PlusMinus.csproj", "{06D4025C-7475-4927-9143-DCC9CFB8087A}"
EndProject
Project("{9A19103F-16F7-4668-BE54-9A1E7A4F7556}") = "05.DotClac", "05.DotClac\05.DotClac.csproj", "{43903F8A-D526-485F-9294-526E41C2BA52}"
EndProject
Project("{9A19103F-16F7-4668-BE54-9A1E7A4F7556}") = "06.MakePrimeNum", "06.MakePrimeNum\06.MakePrimeNum.csproj", "{4059AF0A-EA93-4E66-9BD6-DEF20C5C342F}"
EndProject
Project("{9A19103F-16F7-4668-BE54-9A1E7A4F7556}") = "07.DevFuction", "07.DevFuction\07.DevFuction.csproj", "{EE1F6F3E-1364-42E8-A927-C8C54CAC04BD}"
EndProject
Project("{FAE04EC0-301F-11D3-BF4B-00C04F79EFBC}") = "08.K_Num", "08.K_Num\08.K_Num.csproj", "{F16E8B8C-2294-4151-B3F3-64AABED93129}"
EndProject
Project("{FAE04EC0-301F-11D3-BF4B-00C04F79EFBC}") = "09.MockExam", "09.MockExam\09.MockExam.csproj", "{A76A0536-BB02-4879-991F-48BBDF187C5E}"
EndProject
Global
	GlobalSection(SolutionConfigurationPlatforms) = preSolution
		Debug|Any CPU = Debug|Any CPU
		Release|Any CPU = Release|Any CPU
	EndGlobalSection
	GlobalSection(ProjectConfigurationPlatforms) = postSolution
		{6109C15B-95C2-4CEE-B2CD-2EF4EC487666}.Debug|Any CPU.ActiveCfg = Debug|Any CPU
		{6109C15B-95C2-4CEE-B2CD-2EF4EC487666}.Debug|Any CPU.Build.0 = Debug|Any CPU
		{6109C15B-95C2-4CEE-B2CD-2EF4EC487666}.Release|Any CPU.ActiveCfg = Release|Any CPU
		{6109C15B-95C2-4CEE-B2CD-2EF4EC487666}.Release|Any CPU.Build.0 = Release|Any CPU
		{AE4D7FAD-7F6A-4A5D-B5E7-F491D4D439C0}.Debug|Any CPU.ActiveCfg = Debug|Any CPU
		{AE4D7FAD-7F6A-4A5D-B5E7-F491D4D439C0}.Debug|Any CPU.Build.0 = Debug|Any CPU
		{AE4D7FAD-7F6A-4A5D-B5E7-F491D4D439C0}.Release|Any CPU.ActiveCfg = Release|Any CPU
		{AE4D7FAD-7F6A-4A5D-B5E7-F491D4D439C0}.Release|Any CPU.Build.0 = Release|Any CPU
		{1E0E0AA9-C0D3-4338-BC96-A8D308A8B0BE}.Debug|Any CPU.ActiveCfg = Debug|Any CPU
		{1E0E0AA9-C0D3-4338-BC96-A8D308A8B0BE}.Debug|Any CPU.Build.0 = Debug|Any CPU
		{1E0E0AA9-C0D3-4338-BC96-A8D308A8B0BE}.Release|Any CPU.ActiveCfg = Release|Any CPU
		{1E0E0AA9-C0D3-4338-BC96-A8D308A8B0BE}.Release|Any CPU.Build.0 = Release|Any CPU
		{06D4025C-7475-4927-9143-DCC9CFB8087A}.Debug|Any CPU.ActiveCfg = Debug|Any CPU
		{06D4025C-7475-4927-9143-DCC9CFB8087A}.Debug|Any CPU.Build.0 = Debug|Any CPU
		{06D4025C-7475-4927-9143-DCC9CFB8087A}.Release|Any CPU.ActiveCfg = Release|Any CPU
		{06D4025C-7475-4927-9143-DCC9CFB8087A}.Release|Any CPU.Build.0 = Release|Any CPU
		{43903F8A-D526-485F-9294-526E41C2BA52}.Debug|Any CPU.ActiveCfg = Debug|Any CPU
		{43903F8A-D526-485F-9294-526E41C2BA52}.Debug|Any CPU.Build.0 = Debug|Any CPU
		{43903F8A-D526-485F-9294-526E41C2BA52}.Release|Any CPU.ActiveCfg = Release|Any CPU
		{43903F8A-D526-485F-9294-526E41C2BA52}.Release|Any CPU.Build.0 = Release|Any CPU
		{4059AF0A-EA93-4E66-9BD6-DEF20C5C342F}.Debug|Any CPU.ActiveCfg = Debug|Any CPU
		{4059AF0A-EA93-4E66-9BD6-DEF20C5C342F}.Debug|Any CPU.Build.0 = Debug|Any CPU
		{4059AF0A-EA93-4E66-9BD6-DEF20C5C342F}.Release|Any CPU.ActiveCfg = Release|Any CPU
		{4059AF0A-EA93-4E66-9BD6-DEF20C5C342F}.Release|Any CPU.Build.0 = Release|Any CPU
		{EE1F6F3E-1364-42E8-A927-C8C54CAC04BD}.Debug|Any CPU.ActiveCfg = Debug|Any CPU
		{EE1F6F3E-1364-42E8-A927-C8C54CAC04BD}.Debug|Any CPU.Build.0 = Debug|Any CPU
		{EE1F6F3E-1364-42E8-A927-C8C54CAC04BD}.Release|Any CPU.ActiveCfg = Release|Any CPU
		{EE1F6F3E-1364-42E8-A927-C8C54CAC04BD}.Release|Any CPU.Build.0 = Release|Any CPU
		{F16E8B8C-2294-4151-B3F3-64AABED93129}.Debug|Any CPU.ActiveCfg = Debug|Any CPU
		{F16E8B8C-2294-4151-B3F3-64AABED93129}.Debug|Any CPU.Build.0 = Debug|Any CPU
		{F16E8B8C-2294-4151-B3F3-64AABED93129}.Release|Any CPU.ActiveCfg = Release|Any CPU
		{F16E8B8C-2294-4151-B3F3-64AABED93129}.Release|Any CPU.Build.0 = Release|Any CPU
		{A76A0536-BB02-4879-991F-48BBDF187C5E}.Debug|Any CPU.ActiveCfg = Debug|Any CPU
		{A76A0536-BB02-4879-991F-48BBDF187C5E}.Debug|Any CPU.Build.0 = Debug|Any CPU
		{A76A0536-BB02-4879-991F-48BBDF187C5E}.Release|Any CPU.ActiveCfg = Release|Any CPU
		{A76A0536-BB02-4879-991F-48BBDF187C5E}.Release|Any CPU.Build.0 = Release|Any CPU
	EndGlobalSection
	GlobalSection(SolutionProperties) = preSolution
		HideSolutionNode = FALSE
	EndGlobalSection
	GlobalSection(ExtensibilityGlobals) = postSolution
		SolutionGuid = {EB012B14-DD2F-4D3D-BA8F-36501AA1267D}
	EndGlobalSection
EndGlobal
